
Microsoft Visual Studio Solution File, Format Version 12.00
# Visual Studio Version 17
VisualStudioVersion = 17.2.32505.173
MinimumVisualStudioVersion = 10.0.40219.1
Project("{9A19103F-16F7-4668-BE54-9A1E7A4F7556}") = "ShareStory", "ShareStory\ShareStory.csproj", "{08687ED5-202D-43B6-9288-846D4D78E094}"
EndProject
Global
	GlobalSection(SolutionConfigurationPlatforms) = preSolution
		Debug|Any CPU = Debug|Any CPU
		Release|Any CPU = Release|Any CPU
	EndGlobalSection
	GlobalSection(ProjectConfigurationPlatforms) = postSolution
		{08687ED5-202D-43B6-9288-846D4D78E094}.Debug|Any CPU.ActiveCfg = Debug|Any CPU
		{08687ED5-202D-43B6-9288-846D4D78E094}.Debug|Any CPU.Build.0 = Debug|Any CPU
		{08687ED5-202D-43B6-9288-846D4D78E094}.Release|Any CPU.ActiveCfg = Release|Any CPU
		{08687ED5-202D-43B6-9288-846D4D78E094}.Release|Any CPU.Build.0 = Release|Any CPU
	EndGlobalSection
	GlobalSection(SolutionProperties) = preSolution
		HideSolutionNode = FALSE
	EndGlobalSection
	GlobalSection(ExtensibilityGlobals) = postSolution
		SolutionGuid = {5CC5C5C2-91BD-49F2-A069-F4D1C2821770}
	EndGlobalSection
EndGlobal
